
Microsoft Visual Studio Solution File, Format Version 12.00
# Visual Studio Version 17
VisualStudioVersion = 17.0.31903.59
MinimumVisualStudioVersion = 10.0.40219.1
Project("{2150E333-8FDC-42A3-9474-1A3956D46DE8}") = "src", "src", "{10A62D17-7225-4E56-A3FE-22BA6BA98257}"
EndProject
Project("{FAE04EC0-301F-11D3-BF4B-00C04F79EFBC}") = "ResultGenerator.CodeAnalysis", "src\ResultGenerator.CodeAnalysis\ResultGenerator.CodeAnalysis.csproj", "{E7F68BB5-9B9F-4FFF-AAEF-A934814A697F}"
EndProject
Project("{FAE04EC0-301F-11D3-BF4B-00C04F79EFBC}") = "ResultGenerator.Sample", "src\ResultGenerator.Sample\ResultGenerator.Sample.csproj", "{9878777C-8D02-4D38-95FB-9891FA2790C6}"
EndProject
Project("{FAE04EC0-301F-11D3-BF4B-00C04F79EFBC}") = "ResultGenerator.Lib", "src\ResultGenerator.Lib\ResultGenerator.Lib.csproj", "{AF4BAB89-CCF4-4477-AB5F-297DB0B19CCF}"
EndProject
Project("{FAE04EC0-301F-11D3-BF4B-00C04F79EFBC}") = "ResultGenerator.Tests", "src\ResultGenerator.Tests\ResultGenerator.Tests.csproj", "{355DF3F9-F718-4966-8770-C3C4AB7C66C5}"
EndProject
Global
	GlobalSection(SolutionConfigurationPlatforms) = preSolution
		Debug|Any CPU = Debug|Any CPU
		Release|Any CPU = Release|Any CPU
	EndGlobalSection
	GlobalSection(SolutionProperties) = preSolution
		HideSolutionNode = FALSE
	EndGlobalSection
	GlobalSection(ProjectConfigurationPlatforms) = postSolution
		{E7F68BB5-9B9F-4FFF-AAEF-A934814A697F}.Debug|Any CPU.ActiveCfg = Debug|Any CPU
		{E7F68BB5-9B9F-4FFF-AAEF-A934814A697F}.Debug|Any CPU.Build.0 = Debug|Any CPU
		{E7F68BB5-9B9F-4FFF-AAEF-A934814A697F}.Release|Any CPU.ActiveCfg = Release|Any CPU
		{E7F68BB5-9B9F-4FFF-AAEF-A934814A697F}.Release|Any CPU.Build.0 = Release|Any CPU
		{9878777C-8D02-4D38-95FB-9891FA2790C6}.Debug|Any CPU.ActiveCfg = Debug|Any CPU
		{9878777C-8D02-4D38-95FB-9891FA2790C6}.Debug|Any CPU.Build.0 = Debug|Any CPU
		{9878777C-8D02-4D38-95FB-9891FA2790C6}.Release|Any CPU.ActiveCfg = Release|Any CPU
		{9878777C-8D02-4D38-95FB-9891FA2790C6}.Release|Any CPU.Build.0 = Release|Any CPU
		{AF4BAB89-CCF4-4477-AB5F-297DB0B19CCF}.Debug|Any CPU.ActiveCfg = Debug|Any CPU
		{AF4BAB89-CCF4-4477-AB5F-297DB0B19CCF}.Debug|Any CPU.Build.0 = Debug|Any CPU
		{AF4BAB89-CCF4-4477-AB5F-297DB0B19CCF}.Release|Any CPU.ActiveCfg = Release|Any CPU
		{AF4BAB89-CCF4-4477-AB5F-297DB0B19CCF}.Release|Any CPU.Build.0 = Release|Any CPU
		{355DF3F9-F718-4966-8770-C3C4AB7C66C5}.Debug|Any CPU.ActiveCfg = Debug|Any CPU
		{355DF3F9-F718-4966-8770-C3C4AB7C66C5}.Debug|Any CPU.Build.0 = Debug|Any CPU
		{355DF3F9-F718-4966-8770-C3C4AB7C66C5}.Release|Any CPU.ActiveCfg = Release|Any CPU
		{355DF3F9-F718-4966-8770-C3C4AB7C66C5}.Release|Any CPU.Build.0 = Release|Any CPU
	EndGlobalSection
	GlobalSection(NestedProjects) = preSolution
		{E7F68BB5-9B9F-4FFF-AAEF-A934814A697F} = {10A62D17-7225-4E56-A3FE-22BA6BA98257}
		{9878777C-8D02-4D38-95FB-9891FA2790C6} = {10A62D17-7225-4E56-A3FE-22BA6BA98257}
		{AF4BAB89-CCF4-4477-AB5F-297DB0B19CCF} = {10A62D17-7225-4E56-A3FE-22BA6BA98257}
		{355DF3F9-F718-4966-8770-C3C4AB7C66C5} = {10A62D17-7225-4E56-A3FE-22BA6BA98257}
	EndGlobalSection
EndGlobal
